# THIS IS AN AUTOGENERATED FILE. DO NOT EDIT THIS FILE DIRECTLY.
# yarn lockfile v1


lin-ui@~0.6.0:
  version "0.6.13"
  resolved "https://registry.npmjs.org/lin-ui/-/lin-ui-0.6.13.tgz#f92f407d60067b5610553eebf190a1fbe56cfa7b"
  integrity sha512-37cOtBG5+EdRiL+1mBCx0JZ4lxWZ/RnNdR6ROdaUbub+E+YaCUS4dHlXlXAX0m/BuLiWentjUhvt2Xi921GvPQ==
